
Microsoft Visual Studio Solution File, Format Version 12.00
# Visual Studio Version 17
VisualStudioVersion = 17.4.33015.44
MinimumVisualStudioVersion = 10.0.40219.1
Project("{9A19103F-16F7-4668-BE54-9A1E7A4F7556}") = "RandomizerTMF", "RandomizerTMF\RandomizerTMF.csproj", "{C61D5D24-6CCB-4C42-ADF8-EF70473EDD37}"
EndProject
Project("{9A19103F-16F7-4668-BE54-9A1E7A4F7556}") = "RandomizerTMF.Logic", "RandomizerTMF.Logic\RandomizerTMF.Logic.csproj", "{376C378E-4EC0-4866-A00B-8FB427785806}"
EndProject
Global
	GlobalSection(SolutionConfigurationPlatforms) = preSolution
		Debug|Any CPU = Debug|Any CPU
		Release|Any CPU = Release|Any CPU
	EndGlobalSection
	GlobalSection(ProjectConfigurationPlatforms) = postSolution
		{C61D5D24-6CCB-4C42-ADF8-EF70473EDD37}.Debug|Any CPU.ActiveCfg = Debug|Any CPU
		{C61D5D24-6CCB-4C42-ADF8-EF70473EDD37}.Debug|Any CPU.Build.0 = Debug|Any CPU
		{C61D5D24-6CCB-4C42-ADF8-EF70473EDD37}.Release|Any CPU.ActiveCfg = Release|Any CPU
		{C61D5D24-6CCB-4C42-ADF8-EF70473EDD37}.Release|Any CPU.Build.0 = Release|Any CPU
		{376C378E-4EC0-4866-A00B-8FB427785806}.Debug|Any CPU.ActiveCfg = Debug|Any CPU
		{376C378E-4EC0-4866-A00B-8FB427785806}.Debug|Any CPU.Build.0 = Debug|Any CPU
		{376C378E-4EC0-4866-A00B-8FB427785806}.Release|Any CPU.ActiveCfg = Release|Any CPU
		{376C378E-4EC0-4866-A00B-8FB427785806}.Release|Any CPU.Build.0 = Release|Any CPU
	EndGlobalSection
	GlobalSection(SolutionProperties) = preSolution
		HideSolutionNode = FALSE
	EndGlobalSection
	GlobalSection(ExtensibilityGlobals) = postSolution
		SolutionGuid = {9F3B68FA-C841-400A-AAFE-0701C43ED400}
	EndGlobalSection
EndGlobal
